
Microsoft Visual Studio Solution File, Format Version 12.00
# Visual Studio Version 17
VisualStudioVersion = 17.0.31912.275
MinimumVisualStudioVersion = 10.0.40219.1
Project("{FAE04EC0-301F-11D3-BF4B-00C04F79EFBC}") = "DiscordBot", "DiscordBot\DiscordBot.csproj", "{AEF0FE00-DF54-45FA-B680-D333B87E55B6}"
EndProject
Project("{FAE04EC0-301F-11D3-BF4B-00C04F79EFBC}") = "DiscordBot.Data", "DiscordBot.Data\DiscordBot.Data.csproj", "{4610252D-E0DE-494A-972B-03F2B27DC9AD}"
EndProject
Global
	GlobalSection(SolutionConfigurationPlatforms) = preSolution
		Debug|Any CPU = Debug|Any CPU
		Release|Any CPU = Release|Any CPU
	EndGlobalSection
	GlobalSection(ProjectConfigurationPlatforms) = postSolution
		{AEF0FE00-DF54-45FA-B680-D333B87E55B6}.Debug|Any CPU.ActiveCfg = Debug|Any CPU
		{AEF0FE00-DF54-45FA-B680-D333B87E55B6}.Debug|Any CPU.Build.0 = Debug|Any CPU
		{AEF0FE00-DF54-45FA-B680-D333B87E55B6}.Release|Any CPU.ActiveCfg = Release|Any CPU
		{AEF0FE00-DF54-45FA-B680-D333B87E55B6}.Release|Any CPU.Build.0 = Release|Any CPU
		{4610252D-E0DE-494A-972B-03F2B27DC9AD}.Debug|Any CPU.ActiveCfg = Debug|Any CPU
		{4610252D-E0DE-494A-972B-03F2B27DC9AD}.Debug|Any CPU.Build.0 = Debug|Any CPU
		{4610252D-E0DE-494A-972B-03F2B27DC9AD}.Release|Any CPU.ActiveCfg = Release|Any CPU
		{4610252D-E0DE-494A-972B-03F2B27DC9AD}.Release|Any CPU.Build.0 = Release|Any CPU
	EndGlobalSection
	GlobalSection(SolutionProperties) = preSolution
		HideSolutionNode = FALSE
	EndGlobalSection
	GlobalSection(ExtensibilityGlobals) = postSolution
		SolutionGuid = {64F22473-772B-41EA-9906-03B3EFA91206}
	EndGlobalSection
EndGlobal
